// !$*UTF8*$!
{
	archiveVersion = 1;
	classes = {
	};
	objectVersion = 48;
	objects = {

/* Begin PBXBuildFile section */
		4F3F27E21FF01AE300322528 /* ThrottleIndicatorView.swift in Sources */ = {isa = PBXBuildFile; fileRef = 4F3F27E11FF01AE300322528 /* ThrottleIndicatorView.swift */; };
		4F9565EB2007686E004666BF /* DiscoveryVC.swift in Sources */ = {isa = PBXBuildFile; fileRef = 4F9565EA2007686E004666BF /* DiscoveryVC.swift */; };
		4F9565ED20076E33004666BF /* RcCar.swift in Sources */ = {isa = PBXBuildFile; fileRef = 4F9565EC20076E33004666BF /* RcCar.swift */; };
		4F9565EF20076E53004666BF /* BleConnection.swift in Sources */ = {isa = PBXBuildFile; fileRef = 4F9565EE20076E53004666BF /* BleConnection.swift */; };
		4F9565F120076F68004666BF /* BluetoothEnvironment.swift in Sources */ = {isa = PBXBuildFile; fileRef = 4F9565F020076F68004666BF /* BluetoothEnvironment.swift */; };
		4F9565F3200775DE004666BF /* Constants.swift in Sources */ = {isa = PBXBuildFile; fileRef = 4F9565F2200775DE004666BF /* Constants.swift */; };
		E27894E51FDAB1BB00881AC8 /* AppDelegate.swift in Sources */ = {isa = PBXBuildFile; fileRef = E27894E41FDAB1BB00881AC8 /* AppDelegate.swift */; };
		E27894E71FDAB1BB00881AC8 /* RemoteControlVC.swift in Sources */ = {isa = PBXBuildFile; fileRef = E27894E61FDAB1BB00881AC8 /* RemoteControlVC.swift */; };
		E27894EA1FDAB1BB00881AC8 /* Main.storyboard in Resources */ = {isa = PBXBuildFile; fileRef = E27894E81FDAB1BB00881AC8 /* Main.storyboard */; };
		E27894EC1FDAB1BB00881AC8 /* Assets.xcassets in Resources */ = {isa = PBXBuildFile; fileRef = E27894EB1FDAB1BB00881AC8 /* Assets.xcassets */; };
		E27894EF1FDAB1BB00881AC8 /* LaunchScreen.storyboard in Resources */ = {isa = PBXBuildFile; fileRef = E27894ED1FDAB1BB00881AC8 /* LaunchScreen.storyboard */; };
/* End PBXBuildFile section */

/* Begin PBXFileReference section */
		4F3F27E11FF01AE300322528 /* ThrottleIndicatorView.swift */ = {isa = PBXFileReference; lastKnownFileType = sourcecode.swift; path = ThrottleIndicatorView.swift; sourceTree = "<group>"; };
		4F9565EA2007686E004666BF /* DiscoveryVC.swift */ = {isa = PBXFileReference; lastKnownFileType = sourcecode.swift; path = DiscoveryVC.swift; sourceTree = "<group>"; };
		4F9565EC20076E33004666BF /* RcCar.swift */ = {isa = PBXFileReference; lastKnownFileType = sourcecode.swift; path = RcCar.swift; sourceTree = "<group>"; };
		4F9565EE20076E53004666BF /* BleConnection.swift */ = {isa = PBXFileReference; lastKnownFileType = sourcecode.swift; path = BleConnection.swift; sourceTree = "<group>"; };
		4F9565F020076F68004666BF /* BluetoothEnvironment.swift */ = {isa = PBXFileReference; lastKnownFileType = sourcecode.swift; path = BluetoothEnvironment.swift; sourceTree = "<group>"; };
		4F9565F2200775DE004666BF /* Constants.swift */ = {isa = PBXFileReference; lastKnownFileType = sourcecode.swift; path = Constants.swift; sourceTree = "<group>"; };
		E27894E11FDAB1BB00881AC8 /* roboremote.app */ = {isa = PBXFileReference; explicitFileType = wrapper.application; includeInIndex = 0; path = roboremote.app; sourceTree = BUILT_PRODUCTS_DIR; };
		E27894E41FDAB1BB00881AC8 /* AppDelegate.swift */ = {isa = PBXFileReference; lastKnownFileType = sourcecode.swift; path = AppDelegate.swift; sourceTree = "<group>"; };
		E27894E61FDAB1BB00881AC8 /* RemoteControlVC.swift */ = {isa = PBXFileReference; lastKnownFileType = sourcecode.swift; path = RemoteControlVC.swift; sourceTree = "<group>"; };
		E27894E91FDAB1BB00881AC8 /* Base */ = {isa = PBXFileReference; lastKnownFileType = file.storyboard; name = Base; path = Base.lproj/Main.storyboard; sourceTree = "<group>"; };
		E27894EB1FDAB1BB00881AC8 /* Assets.xcassets */ = {isa = PBXFileReference; lastKnownFileType = folder.assetcatalog; path = Assets.xcassets; sourceTree = "<group>"; };
		E27894EE1FDAB1BB00881AC8 /* Base */ = {isa = PBXFileReference; lastKnownFileType = file.storyboard; name = Base; path = Base.lproj/LaunchScreen.storyboard; sourceTree = "<group>"; };
		E27894F01FDAB1BB00881AC8 /* Info.plist */ = {isa = PBXFileReference; lastKnownFileType = text.plist.xml; path = Info.plist; sourceTree = "<group>"; };
/* End PBXFileReference section */

/* Begin PBXFrameworksBuildPhase section */
		E27894DE1FDAB1BB00881AC8 /* Frameworks */ = {
			isa = PBXFrameworksBuildPhase;
			buildActionMask = 2147483647;
			files = (
			);
			runOnlyForDeploymentPostprocessing = 0;
		};
/* End PBXFrameworksBuildPhase section */

/* Begin PBXGroup section */
		4F3F27E01FF01AC000322528 /* View */ = {
			isa = PBXGroup;
			children = (
				4F3F27E11FF01AE300322528 /* ThrottleIndicatorView.swift */,
			);
			path = View;
			sourceTree = "<group>";
		};
		4F9565E92007589C004666BF /* BT */ = {
			isa = PBXGroup;
			children = (
				4F9565EC20076E33004666BF /* RcCar.swift */,
				4F9565EE20076E53004666BF /* BleConnection.swift */,
				4F9565F020076F68004666BF /* BluetoothEnvironment.swift */,
				4F9565F2200775DE004666BF /* Constants.swift */,
			);
			path = BT;
			sourceTree = "<group>";
		};
		E27894D81FDAB1BB00881AC8 = {
			isa = PBXGroup;
			children = (
				E27894E31FDAB1BB00881AC8 /* roboremote */,
				E27894E21FDAB1BB00881AC8 /* Products */,
			);
			sourceTree = "<group>";
		};
		E27894E21FDAB1BB00881AC8 /* Products */ = {
			isa = PBXGroup;
			children = (
				E27894E11FDAB1BB00881AC8 /* roboremote.app */,
			);
			name = Products;
			sourceTree = "<group>";
		};
		E27894E31FDAB1BB00881AC8 /* roboremote */ = {
			isa = PBXGroup;
			children = (
				4F9565E92007589C004666BF /* BT */,
				4F3F27E01FF01AC000322528 /* View */,
				E27894E41FDAB1BB00881AC8 /* AppDelegate.swift */,
				E27894E61FDAB1BB00881AC8 /* RemoteControlVC.swift */,
				4F9565EA2007686E004666BF /* DiscoveryVC.swift */,
				E27894E81FDAB1BB00881AC8 /* Main.storyboard */,
				E27894EB1FDAB1BB00881AC8 /* Assets.xcassets */,
				E27894ED1FDAB1BB00881AC8 /* LaunchScreen.storyboard */,
				E27894F01FDAB1BB00881AC8 /* Info.plist */,
			);
			path = roboremote;
			sourceTree = "<group>";
		};
/* End PBXGroup section */

/* Begin PBXNativeTarget section */
		E27894E01FDAB1BB00881AC8 /* roboremote */ = {
			isa = PBXNativeTarget;
			buildConfigurationList = E27894F31FDAB1BB00881AC8 /* Build configuration list for PBXNativeTarget "roboremote" */;
			buildPhases = (
				E27894DD1FDAB1BB00881AC8 /* Sources */,
				E27894DE1FDAB1BB00881AC8 /* Frameworks */,
				E27894DF1FDAB1BB00881AC8 /* Resources */,
			);
			buildRules = (
			);
			dependencies = (
			);
			name = roboremote;
			productName = roboremote;
			productReference = E27894E11FDAB1BB00881AC8 /* roboremote.app */;
			productType = "com.apple.product-type.application";
		};
/* End PBXNativeTarget section */

/* Begin PBXProject section */
		E27894D91FDAB1BB00881AC8 /* Project object */ = {
			isa = PBXProject;
			attributes = {
				LastSwiftUpdateCheck = 0910;
				LastUpgradeCheck = 0910;
				ORGANIZATIONNAME = "Tomas Nilsson";
				TargetAttributes = {
					E27894E01FDAB1BB00881AC8 = {
						CreatedOnToolsVersion = 9.1;
						ProvisioningStyle = Automatic;
					};
				};
			};
			buildConfigurationList = E27894DC1FDAB1BB00881AC8 /* Build configuration list for PBXProject "roboremote" */;
			compatibilityVersion = "Xcode 8.0";
			developmentRegion = en;
			hasScannedForEncodings = 0;
			knownRegions = (
				en,
				Base,
			);
			mainGroup = E27894D81FDAB1BB00881AC8;
			productRefGroup = E27894E21FDAB1BB00881AC8 /* Products */;
			projectDirPath = "";
			projectRoot = "";
			targets = (
				E27894E01FDAB1BB00881AC8 /* roboremote */,
			);
		};
/* End PBXProject section */

/* Begin PBXResourcesBuildPhase section */
		E27894DF1FDAB1BB00881AC8 /* Resources */ = {
			isa = PBXResourcesBuildPhase;
			buildActionMask = 2147483647;
			files = (
				E27894EF1FDAB1BB00881AC8 /* LaunchScreen.storyboard in Resources */,
				E27894EC1FDAB1BB00881AC8 /* Assets.xcassets in Resources */,
				E27894EA1FDAB1BB00881AC8 /* Main.storyboard in Resources */,
			);
			runOnlyForDeploymentPostprocessing = 0;
		};
/* End PBXResourcesBuildPhase section */

/* Begin PBXSourcesBuildPhase section */
		E27894DD1FDAB1BB00881AC8 /* Sources */ = {
			isa = PBXSourcesBuildPhase;
			buildActionMask = 2147483647;
			files = (
				4F9565F120076F68004666BF /* BluetoothEnvironment.swift in Sources */,
				E27894E71FDAB1BB00881AC8 /* RemoteControlVC.swift in Sources */,
				4F9565ED20076E33004666BF /* RcCar.swift in Sources */,
				4F9565EB2007686E004666BF /* DiscoveryVC.swift in Sources */,
				4F9565EF20076E53004666BF /* BleConnection.swift in Sources */,
				4F3F27E21FF01AE300322528 /* ThrottleIndicatorView.swift in Sources */,
				E27894E51FDAB1BB00881AC8 /* AppDelegate.swift in Sources */,
				4F9565F3200775DE004666BF /* Constants.swift in Sources */,
			);
			runOnlyForDeploymentPostprocessing = 0;
		};
/* End PBXSourcesBuildPhase section */

/* Begin PBXVariantGroup section */
		E27894E81FDAB1BB00881AC8 /* Main.storyboard */ = {
			isa = PBXVariantGroup;
			children = (
				E27894E91FDAB1BB00881AC8 /* Base */,
			);
			name = Main.storyboard;
			sourceTree = "<group>";
		};
		E27894ED1FDAB1BB00881AC8 /* LaunchScreen.storyboard */ = {
			isa = PBXVariantGroup;
			children = (
				E27894EE1FDAB1BB00881AC8 /* Base */,
			);
			name = LaunchScreen.storyboard;
			sourceTree = "<group>";
		};
/* End PBXVariantGroup section */

/* Begin XCBuildConfiguration section */
		E27894F11FDAB1BB00881AC8 /* Debug */ = {
			isa = XCBuildConfiguration;
			buildSettings = {
				ALWAYS_SEARCH_USER_PATHS = NO;
				CLANG_ANALYZER_NONNULL = YES;
				CLANG_ANALYZER_NUMBER_OBJECT_CONVERSION = YES_AGGRESSIVE;
				CLANG_CXX_LANGUAGE_STANDARD = "gnu++14";
				CLANG_CXX_LIBRARY = "libc++";
				CLANG_ENABLE_MODULES = YES;
				CLANG_ENABLE_OBJC_ARC = YES;
				CLANG_WARN_BLOCK_CAPTURE_AUTORELEASING = YES;
				CLANG_WARN_BOOL_CONVERSION = YES;
				CLANG_WARN_COMMA = YES;
				CLANG_WARN_CONSTANT_CONVERSION = YES;
				CLANG_WARN_DIRECT_OBJC_ISA_USAGE = YES_ERROR;
				CLANG_WARN_DOCUMENTATION_COMMENTS = YES;
				CLANG_WARN_EMPTY_BODY = YES;
				CLANG_WARN_ENUM_CONVERSION = YES;
				CLANG_WARN_INFINITE_RECURSION = YES;
				CLANG_WARN_INT_CONVERSION = YES;
				CLANG_WARN_NON_LITERAL_NULL_CONVERSION = YES;
				CLANG_WARN_OBJC_LITERAL_CONVERSION = YES;
				CLANG_WARN_OBJC_ROOT_CLASS = YES_ERROR;
				CLANG_WARN_RANGE_LOOP_ANALYSIS = YES;
				CLANG_WARN_STRICT_PROTOTYPES = YES;
				CLANG_WARN_SUSPICIOUS_MOVE = YES;
				CLANG_WARN_UNGUARDED_AVAILABILITY = YES_AGGRESSIVE;
				CLANG_WARN_UNREACHABLE_CODE = YES;
				CLANG_WARN__DUPLICATE_METHOD_MATCH = YES;
				CODE_SIGN_IDENTITY = "iPhone Developer";
				COPY_PHASE_STRIP = NO;
				DEBUG_INFORMATION_FORMAT = dwarf;
				ENABLE_STRICT_OBJC_MSGSEND = YES;
				ENABLE_TESTABILITY = YES;
				GCC_C_LANGUAGE_STANDARD = gnu11;
				GCC_DYNAMIC_NO_PIC = NO;
				GCC_NO_COMMON_BLOCKS = YES;
				GCC_OPTIMIZATION_LEVEL = 0;
				GCC_PREPROCESSOR_DEFINITIONS = (
					"DEBUG=1",
					"$(inherited)",
				);
				GCC_WARN_64_TO_32_BIT_CONVERSION = YES;
				GCC_WARN_ABOUT_RETURN_TYPE = YES_ERROR;
				GCC_WARN_UNDECLARED_SELECTOR = YES;
				GCC_WARN_UNINITIALIZED_AUTOS = YES_AGGRESSIVE;
				GCC_WARN_UNUSED_FUNCTION = YES;
				GCC_WARN_UNUSED_VARIABLE = YES;
				IPHONEOS_DEPLOYMENT_TARGET = 11.1;
				MTL_ENABLE_DEBUG_INFO = YES;
				ONLY_ACTIVE_ARCH = YES;
				SDKROOT = iphoneos;
				SWIFT_ACTIVE_COMPILATION_CONDITIONS = DEBUG;
				SWIFT_OPTIMIZATION_LEVEL = "-Onone";
			};
			name = Debug;
		};
		E27894F21FDAB1BB00881AC8 /* Release */ = {
			isa = XCBuildConfiguration;
			buildSettings = {
				ALWAYS_SEARCH_USER_PATHS = NO;
				CLANG_ANALYZER_NONNULL = YES;
				CLANG_ANALYZER_NUMBER_OBJECT_CONVERSION = YES_AGGRESSIVE;
				CLANG_CXX_LANGUAGE_STANDARD = "gnu++14";
				CLANG_CXX_LIBRARY = "libc++";
				CLANG_ENABLE_MODULES = YES;
				CLANG_ENABLE_OBJC_ARC = YES;
				CLANG_WARN_BLOCK_CAPTURE_AUTORELEASING = YES;
				CLANG_WARN_BOOL_CONVERSION = YES;
				CLANG_WARN_COMMA = YES;
				CLANG_WARN_CONSTANT_CONVERSION = YES;
				CLANG_WARN_DIRECT_OBJC_ISA_USAGE = YES_ERROR;
				CLANG_WARN_DOCUMENTATION_COMMENTS = YES;
				CLANG_WARN_EMPTY_BODY = YES;
				CLANG_WARN_ENUM_CONVERSION = YES;
				CLANG_WARN_INFINITE_RECURSION = YES;
				CLANG_WARN_INT_CONVERSION = YES;
				CLANG_WARN_NON_LITERAL_NULL_CONVERSION = YES;
				CLANG_WARN_OBJC_LITERAL_CONVERSION = YES;
				CLANG_WARN_OBJC_ROOT_CLASS = YES_ERROR;
				CLANG_WARN_RANGE_LOOP_ANALYSIS = YES;
				CLANG_WARN_STRICT_PROTOTYPES = YES;
				CLANG_WARN_SUSPICIOUS_MOVE = YES;
				CLANG_WARN_UNGUARDED_AVAILABILITY = YES_AGGRESSIVE;
				CLANG_WARN_UNREACHABLE_CODE = YES;
				CLANG_WARN__DUPLICATE_METHOD_MATCH = YES;
				CODE_SIGN_IDENTITY = "iPhone Developer";
				COPY_PHASE_STRIP = NO;
				DEBUG_INFORMATION_FORMAT = "dwarf-with-dsym";
				ENABLE_NS_ASSERTIONS = NO;
				ENABLE_STRICT_OBJC_MSGSEND = YES;
				GCC_C_LANGUAGE_STANDARD = gnu11;
				GCC_NO_COMMON_BLOCKS = YES;
				GCC_WARN_64_TO_32_BIT_CONVERSION = YES;
				GCC_WARN_ABOUT_RETURN_TYPE = YES_ERROR;
				GCC_WARN_UNDECLARED_SELECTOR = YES;
				GCC_WARN_UNINITIALIZED_AUTOS = YES_AGGRESSIVE;
				GCC_WARN_UNUSED_FUNCTION = YES;
				GCC_WARN_UNUSED_VARIABLE = YES;
				IPHONEOS_DEPLOYMENT_TARGET = 11.1;
				MTL_ENABLE_DEBUG_INFO = NO;
				SDKROOT = iphoneos;
				SWIFT_OPTIMIZATION_LEVEL = "-Owholemodule";
				VALIDATE_PRODUCT = YES;
			};
			name = Release;
		};
		E27894F41FDAB1BB00881AC8 /* Debug */ = {
			isa = XCBuildConfiguration;
			buildSettings = {
				ASSETCATALOG_COMPILER_APPICON_NAME = AppIcon;
				CODE_SIGN_STYLE = Automatic;
				DEVELOPMENT_TEAM = 7XT7RQW894;
				INFOPLIST_FILE = roboremote/Info.plist;
				LD_RUNPATH_SEARCH_PATHS = "$(inherited) @executable_path/Frameworks";
				PRODUCT_BUNDLE_IDENTIFIER = com.jayway.roboremote;
				PRODUCT_NAME = "$(TARGET_NAME)";
				SWIFT_VERSION = 4.0;
				TARGETED_DEVICE_FAMILY = "1,2";
			};
			name = Debug;
		};
		E27894F51FDAB1BB00881AC8 /* Release */ = {
			isa = XCBuildConfiguration;
			buildSettings = {
				ASSETCATALOG_COMPILER_APPICON_NAME = AppIcon;
				CODE_SIGN_STYLE = Automatic;
				DEVELOPMENT_TEAM = 7XT7RQW894;
				INFOPLIST_FILE = roboremote/Info.plist;
				LD_RUNPATH_SEARCH_PATHS = "$(inherited) @executable_path/Frameworks";
				PRODUCT_BUNDLE_IDENTIFIER = com.jayway.roboremote;
				PRODUCT_NAME = "$(TARGET_NAME)";
				SWIFT_VERSION = 4.0;
				TARGETED_DEVICE_FAMILY = "1,2";
			};
			name = Release;
		};
/* End XCBuildConfiguration section */

/* Begin XCConfigurationList section */
		E27894DC1FDAB1BB00881AC8 /* Build configuration list for PBXProject "roboremote" */ = {
			isa = XCConfigurationList;
			buildConfigurations = (
				E27894F11FDAB1BB00881AC8 /* Debug */,
				E27894F21FDAB1BB00881AC8 /* Release */,
			);
			defaultConfigurationIsVisible = 0;
			defaultConfigurationName = Release;
		};
		E27894F31FDAB1BB00881AC8 /* Build configuration list for PBXNativeTarget "roboremote" */ = {
			isa = XCConfigurationList;
			buildConfigurations = (
				E27894F41FDAB1BB00881AC8 /* Debug */,
				E27894F51FDAB1BB00881AC8 /* Release */,
			);
			defaultConfigurationIsVisible = 0;
			defaultConfigurationName = Release;
		};
/* End XCConfigurationList section */
	};
	rootObject = E27894D91FDAB1BB00881AC8 /* Project object */;
}
